// !$*UTF8*$!
{
	archiveVersion = 1;
	classes = {
	};
	objectVersion = 50;
	objects = {

/* Begin PBXBuildFile section */
		2B58C98120DA2CCC00D521A9 /* AppDelegate.swift in Sources */ = {isa = PBXBuildFile; fileRef = 2B58C98020DA2CCC00D521A9 /* AppDelegate.swift */; };
		2B58C98320DA2CCC00D521A9 /* ViewController.swift in Sources */ = {isa = PBXBuildFile; fileRef = 2B58C98220DA2CCC00D521A9 /* ViewController.swift */; };
		2B58C98620DA2CCC00D521A9 /* Main.storyboard in Resources */ = {isa = PBXBuildFile; fileRef = 2B58C98420DA2CCC00D521A9 /* Main.storyboard */; };
		2B58C98820DA2CCF00D521A9 /* Assets.xcassets in Resources */ = {isa = PBXBuildFile; fileRef = 2B58C98720DA2CCF00D521A9 /* Assets.xcassets */; };
		2B58C98B20DA2CCF00D521A9 /* LaunchScreen.storyboard in Resources */ = {isa = PBXBuildFile; fileRef = 2B58C98920DA2CCF00D521A9 /* LaunchScreen.storyboard */; };
		2B58C99620DA2CCF00D521A9 /* RxMKMapViewCrashTests.swift in Sources */ = {isa = PBXBuildFile; fileRef = 2B58C99520DA2CCF00D521A9 /* RxMKMapViewCrashTests.swift */; };
		2B58C9A120DA2CCF00D521A9 /* RxMKMapViewCrashUITests.swift in Sources */ = {isa = PBXBuildFile; fileRef = 2B58C9A020DA2CCF00D521A9 /* RxMKMapViewCrashUITests.swift */; };
		2B58C9B220DA2E6F00D521A9 /* RxMKMapView.framework in Frameworks */ = {isa = PBXBuildFile; fileRef = 2B58C9AF20DA2E6F00D521A9 /* RxMKMapView.framework */; };
		2B58C9B320DA2E6F00D521A9 /* RxSwift.framework in Frameworks */ = {isa = PBXBuildFile; fileRef = 2B58C9B020DA2E6F00D521A9 /* RxSwift.framework */; };
		2B58C9B420DA2E6F00D521A9 /* RxCocoa.framework in Frameworks */ = {isa = PBXBuildFile; fileRef = 2B58C9B120DA2E6F00D521A9 /* RxCocoa.framework */; };
/* End PBXBuildFile section */

/* Begin PBXContainerItemProxy section */
		2B58C99220DA2CCF00D521A9 /* PBXContainerItemProxy */ = {
			isa = PBXContainerItemProxy;
			containerPortal = 2B58C97520DA2CCC00D521A9 /* Project object */;
			proxyType = 1;
			remoteGlobalIDString = 2B58C97C20DA2CCC00D521A9;
			remoteInfo = RxMKMapViewCrash;
		};
		2B58C99D20DA2CCF00D521A9 /* PBXContainerItemProxy */ = {
			isa = PBXContainerItemProxy;
			containerPortal = 2B58C97520DA2CCC00D521A9 /* Project object */;
			proxyType = 1;
			remoteGlobalIDString = 2B58C97C20DA2CCC00D521A9;
			remoteInfo = RxMKMapViewCrash;
		};
/* End PBXContainerItemProxy section */

/* Begin PBXFileReference section */
		2B58C97D20DA2CCC00D521A9 /* RxMKMapViewCrash.app */ = {isa = PBXFileReference; explicitFileType = wrapper.application; includeInIndex = 0; path = RxMKMapViewCrash.app; sourceTree = BUILT_PRODUCTS_DIR; };
		2B58C98020DA2CCC00D521A9 /* AppDelegate.swift */ = {isa = PBXFileReference; lastKnownFileType = sourcecode.swift; path = AppDelegate.swift; sourceTree = "<group>"; };
		2B58C98220DA2CCC00D521A9 /* ViewController.swift */ = {isa = PBXFileReference; lastKnownFileType = sourcecode.swift; path = ViewController.swift; sourceTree = "<group>"; };
		2B58C98520DA2CCC00D521A9 /* Base */ = {isa = PBXFileReference; lastKnownFileType = file.storyboard; name = Base; path = Base.lproj/Main.storyboard; sourceTree = "<group>"; };
		2B58C98720DA2CCF00D521A9 /* Assets.xcassets */ = {isa = PBXFileReference; lastKnownFileType = folder.assetcatalog; path = Assets.xcassets; sourceTree = "<group>"; };
		2B58C98A20DA2CCF00D521A9 /* Base */ = {isa = PBXFileReference; lastKnownFileType = file.storyboard; name = Base; path = Base.lproj/LaunchScreen.storyboard; sourceTree = "<group>"; };
		2B58C98C20DA2CCF00D521A9 /* Info.plist */ = {isa = PBXFileReference; lastKnownFileType = text.plist.xml; path = Info.plist; sourceTree = "<group>"; };
		2B58C99120DA2CCF00D521A9 /* RxMKMapViewCrashTests.xctest */ = {isa = PBXFileReference; explicitFileType = wrapper.cfbundle; includeInIndex = 0; path = RxMKMapViewCrashTests.xctest; sourceTree = BUILT_PRODUCTS_DIR; };
		2B58C99520DA2CCF00D521A9 /* RxMKMapViewCrashTests.swift */ = {isa = PBXFileReference; lastKnownFileType = sourcecode.swift; path = RxMKMapViewCrashTests.swift; sourceTree = "<group>"; };
		2B58C99720DA2CCF00D521A9 /* Info.plist */ = {isa = PBXFileReference; lastKnownFileType = text.plist.xml; path = Info.plist; sourceTree = "<group>"; };
		2B58C99C20DA2CCF00D521A9 /* RxMKMapViewCrashUITests.xctest */ = {isa = PBXFileReference; explicitFileType = wrapper.cfbundle; includeInIndex = 0; path = RxMKMapViewCrashUITests.xctest; sourceTree = BUILT_PRODUCTS_DIR; };
		2B58C9A020DA2CCF00D521A9 /* RxMKMapViewCrashUITests.swift */ = {isa = PBXFileReference; lastKnownFileType = sourcecode.swift; path = RxMKMapViewCrashUITests.swift; sourceTree = "<group>"; };
		2B58C9A220DA2CCF00D521A9 /* Info.plist */ = {isa = PBXFileReference; lastKnownFileType = text.plist.xml; path = Info.plist; sourceTree = "<group>"; };
		2B58C9AF20DA2E6F00D521A9 /* RxMKMapView.framework */ = {isa = PBXFileReference; lastKnownFileType = wrapper.framework; name = RxMKMapView.framework; path = Carthage/Build/iOS/RxMKMapView.framework; sourceTree = "<group>"; };
		2B58C9B020DA2E6F00D521A9 /* RxSwift.framework */ = {isa = PBXFileReference; lastKnownFileType = wrapper.framework; name = RxSwift.framework; path = Carthage/Build/iOS/RxSwift.framework; sourceTree = "<group>"; };
		2B58C9B120DA2E6F00D521A9 /* RxCocoa.framework */ = {isa = PBXFileReference; lastKnownFileType = wrapper.framework; name = RxCocoa.framework; path = Carthage/Build/iOS/RxCocoa.framework; sourceTree = "<group>"; };
/* End PBXFileReference section */

/* Begin PBXFrameworksBuildPhase section */
		2B58C97A20DA2CCC00D521A9 /* Frameworks */ = {
			isa = PBXFrameworksBuildPhase;
			buildActionMask = 2147483647;
			files = (
				2B58C9B220DA2E6F00D521A9 /* RxMKMapView.framework in Frameworks */,
				2B58C9B320DA2E6F00D521A9 /* RxSwift.framework in Frameworks */,
				2B58C9B420DA2E6F00D521A9 /* RxCocoa.framework in Frameworks */,
			);
			runOnlyForDeploymentPostprocessing = 0;
		};
		2B58C98E20DA2CCF00D521A9 /* Frameworks */ = {
			isa = PBXFrameworksBuildPhase;
			buildActionMask = 2147483647;
			files = (
			);
			runOnlyForDeploymentPostprocessing = 0;
		};
		2B58C99920DA2CCF00D521A9 /* Frameworks */ = {
			isa = PBXFrameworksBuildPhase;
			buildActionMask = 2147483647;
			files = (
			);
			runOnlyForDeploymentPostprocessing = 0;
		};
/* End PBXFrameworksBuildPhase section */

/* Begin PBXGroup section */
		2B58C97420DA2CCC00D521A9 = {
			isa = PBXGroup;
			children = (
				2B58C97F20DA2CCC00D521A9 /* RxMKMapViewCrash */,
				2B58C99420DA2CCF00D521A9 /* RxMKMapViewCrashTests */,
				2B58C99F20DA2CCF00D521A9 /* RxMKMapViewCrashUITests */,
				2B58C97E20DA2CCC00D521A9 /* Products */,
				2B58C9AE20DA2E6F00D521A9 /* Frameworks */,
			);
			sourceTree = "<group>";
		};
		2B58C97E20DA2CCC00D521A9 /* Products */ = {
			isa = PBXGroup;
			children = (
				2B58C97D20DA2CCC00D521A9 /* RxMKMapViewCrash.app */,
				2B58C99120DA2CCF00D521A9 /* RxMKMapViewCrashTests.xctest */,
				2B58C99C20DA2CCF00D521A9 /* RxMKMapViewCrashUITests.xctest */,
			);
			name = Products;
			sourceTree = "<group>";
		};
		2B58C97F20DA2CCC00D521A9 /* RxMKMapViewCrash */ = {
			isa = PBXGroup;
			children = (
				2B58C98020DA2CCC00D521A9 /* AppDelegate.swift */,
				2B58C98220DA2CCC00D521A9 /* ViewController.swift */,
				2B58C98420DA2CCC00D521A9 /* Main.storyboard */,
				2B58C98720DA2CCF00D521A9 /* Assets.xcassets */,
				2B58C98920DA2CCF00D521A9 /* LaunchScreen.storyboard */,
				2B58C98C20DA2CCF00D521A9 /* Info.plist */,
			);
			path = RxMKMapViewCrash;
			sourceTree = "<group>";
		};
		2B58C99420DA2CCF00D521A9 /* RxMKMapViewCrashTests */ = {
			isa = PBXGroup;
			children = (
				2B58C99520DA2CCF00D521A9 /* RxMKMapViewCrashTests.swift */,
				2B58C99720DA2CCF00D521A9 /* Info.plist */,
			);
			path = RxMKMapViewCrashTests;
			sourceTree = "<group>";
		};
		2B58C99F20DA2CCF00D521A9 /* RxMKMapViewCrashUITests */ = {
			isa = PBXGroup;
			children = (
				2B58C9A020DA2CCF00D521A9 /* RxMKMapViewCrashUITests.swift */,
				2B58C9A220DA2CCF00D521A9 /* Info.plist */,
			);
			path = RxMKMapViewCrashUITests;
			sourceTree = "<group>";
		};
		2B58C9AE20DA2E6F00D521A9 /* Frameworks */ = {
			isa = PBXGroup;
			children = (
				2B58C9B120DA2E6F00D521A9 /* RxCocoa.framework */,
				2B58C9AF20DA2E6F00D521A9 /* RxMKMapView.framework */,
				2B58C9B020DA2E6F00D521A9 /* RxSwift.framework */,
			);
			name = Frameworks;
			sourceTree = "<group>";
		};
/* End PBXGroup section */

/* Begin PBXNativeTarget section */
		2B58C97C20DA2CCC00D521A9 /* RxMKMapViewCrash */ = {
			isa = PBXNativeTarget;
			buildConfigurationList = 2B58C9A520DA2CCF00D521A9 /* Build configuration list for PBXNativeTarget "RxMKMapViewCrash" */;
			buildPhases = (
				2B58C97920DA2CCC00D521A9 /* Sources */,
				2B58C97A20DA2CCC00D521A9 /* Frameworks */,
				2B58C97B20DA2CCC00D521A9 /* Resources */,
				2B58C9B520DA2E8600D521A9 /* Carthage: Copy frameworks */,
			);
			buildRules = (
			);
			dependencies = (
			);
			name = RxMKMapViewCrash;
			productName = RxMKMapViewCrash;
			productReference = 2B58C97D20DA2CCC00D521A9 /* RxMKMapViewCrash.app */;
			productType = "com.apple.product-type.application";
		};
		2B58C99020DA2CCF00D521A9 /* RxMKMapViewCrashTests */ = {
			isa = PBXNativeTarget;
			buildConfigurationList = 2B58C9A820DA2CCF00D521A9 /* Build configuration list for PBXNativeTarget "RxMKMapViewCrashTests" */;
			buildPhases = (
				2B58C98D20DA2CCF00D521A9 /* Sources */,
				2B58C98E20DA2CCF00D521A9 /* Frameworks */,
				2B58C98F20DA2CCF00D521A9 /* Resources */,
			);
			buildRules = (
			);
			dependencies = (
				2B58C99320DA2CCF00D521A9 /* PBXTargetDependency */,
			);
			name = RxMKMapViewCrashTests;
			productName = RxMKMapViewCrashTests;
			productReference = 2B58C99120DA2CCF00D521A9 /* RxMKMapViewCrashTests.xctest */;
			productType = "com.apple.product-type.bundle.unit-test";
		};
		2B58C99B20DA2CCF00D521A9 /* RxMKMapViewCrashUITests */ = {
			isa = PBXNativeTarget;
			buildConfigurationList = 2B58C9AB20DA2CCF00D521A9 /* Build configuration list for PBXNativeTarget "RxMKMapViewCrashUITests" */;
			buildPhases = (
				2B58C99820DA2CCF00D521A9 /* Sources */,
				2B58C99920DA2CCF00D521A9 /* Frameworks */,
				2B58C99A20DA2CCF00D521A9 /* Resources */,
			);
			buildRules = (
			);
			dependencies = (
				2B58C99E20DA2CCF00D521A9 /* PBXTargetDependency */,
			);
			name = RxMKMapViewCrashUITests;
			productName = RxMKMapViewCrashUITests;
			productReference = 2B58C99C20DA2CCF00D521A9 /* RxMKMapViewCrashUITests.xctest */;
			productType = "com.apple.product-type.bundle.ui-testing";
		};
/* End PBXNativeTarget section */

/* Begin PBXProject section */
		2B58C97520DA2CCC00D521A9 /* Project object */ = {
			isa = PBXProject;
			attributes = {
				LastSwiftUpdateCheck = 0940;
				LastUpgradeCheck = 0940;
				ORGANIZATIONNAME = "Mikko Välimäki";
				TargetAttributes = {
					2B58C97C20DA2CCC00D521A9 = {
						CreatedOnToolsVersion = 9.4;
					};
					2B58C99020DA2CCF00D521A9 = {
						CreatedOnToolsVersion = 9.4;
						TestTargetID = 2B58C97C20DA2CCC00D521A9;
					};
					2B58C99B20DA2CCF00D521A9 = {
						CreatedOnToolsVersion = 9.4;
						TestTargetID = 2B58C97C20DA2CCC00D521A9;
					};
				};
			};
			buildConfigurationList = 2B58C97820DA2CCC00D521A9 /* Build configuration list for PBXProject "RxMKMapViewCrash" */;
			compatibilityVersion = "Xcode 9.3";
			developmentRegion = en;
			hasScannedForEncodings = 0;
			knownRegions = (
				en,
				Base,
			);
			mainGroup = 2B58C97420DA2CCC00D521A9;
			productRefGroup = 2B58C97E20DA2CCC00D521A9 /* Products */;
			projectDirPath = "";
			projectRoot = "";
			targets = (
				2B58C97C20DA2CCC00D521A9 /* RxMKMapViewCrash */,
				2B58C99020DA2CCF00D521A9 /* RxMKMapViewCrashTests */,
				2B58C99B20DA2CCF00D521A9 /* RxMKMapViewCrashUITests */,
			);
		};
/* End PBXProject section */

/* Begin PBXResourcesBuildPhase section */
		2B58C97B20DA2CCC00D521A9 /* Resources */ = {
			isa = PBXResourcesBuildPhase;
			buildActionMask = 2147483647;
			files = (
				2B58C98B20DA2CCF00D521A9 /* LaunchScreen.storyboard in Resources */,
				2B58C98820DA2CCF00D521A9 /* Assets.xcassets in Resources */,
				2B58C98620DA2CCC00D521A9 /* Main.storyboard in Resources */,
			);
			runOnlyForDeploymentPostprocessing = 0;
		};
		2B58C98F20DA2CCF00D521A9 /* Resources */ = {
			isa = PBXResourcesBuildPhase;
			buildActionMask = 2147483647;
			files = (
			);
			runOnlyForDeploymentPostprocessing = 0;
		};
		2B58C99A20DA2CCF00D521A9 /* Resources */ = {
			isa = PBXResourcesBuildPhase;
			buildActionMask = 2147483647;
			files = (
			);
			runOnlyForDeploymentPostprocessing = 0;
		};
/* End PBXResourcesBuildPhase section */

/* Begin PBXShellScriptBuildPhase section */
		2B58C9B520DA2E8600D521A9 /* Carthage: Copy frameworks */ = {
			isa = PBXShellScriptBuildPhase;
			buildActionMask = 2147483647;
			files = (
			);
			inputPaths = (
				"$(SRCROOT)/Carthage/Build/iOS/RxSwift.framework",
				"$(SRCROOT)/Carthage/Build/iOS/RxCocoa.framework",
				"$(SRCROOT)/Carthage/Build/iOS/RxMKMapView.framework",
			);
			name = "Carthage: Copy frameworks";
			outputPaths = (
			);
			runOnlyForDeploymentPostprocessing = 0;
			shellPath = /bin/sh;
			shellScript = "/usr/local/bin/carthage copy-frameworks\n";
		};
/* End PBXShellScriptBuildPhase section */

/* Begin PBXSourcesBuildPhase section */
		2B58C97920DA2CCC00D521A9 /* Sources */ = {
			isa = PBXSourcesBuildPhase;
			buildActionMask = 2147483647;
			files = (
				2B58C98320DA2CCC00D521A9 /* ViewController.swift in Sources */,
				2B58C98120DA2CCC00D521A9 /* AppDelegate.swift in Sources */,
			);
			runOnlyForDeploymentPostprocessing = 0;
		};
		2B58C98D20DA2CCF00D521A9 /* Sources */ = {
			isa = PBXSourcesBuildPhase;
			buildActionMask = 2147483647;
			files = (
				2B58C99620DA2CCF00D521A9 /* RxMKMapViewCrashTests.swift in Sources */,
			);
			runOnlyForDeploymentPostprocessing = 0;
		};
		2B58C99820DA2CCF00D521A9 /* Sources */ = {
			isa = PBXSourcesBuildPhase;
			buildActionMask = 2147483647;
			files = (
				2B58C9A120DA2CCF00D521A9 /* RxMKMapViewCrashUITests.swift in Sources */,
			);
			runOnlyForDeploymentPostprocessing = 0;
		};
/* End PBXSourcesBuildPhase section */

/* Begin PBXTargetDependency section */
		2B58C99320DA2CCF00D521A9 /* PBXTargetDependency */ = {
			isa = PBXTargetDependency;
			target = 2B58C97C20DA2CCC00D521A9 /* RxMKMapViewCrash */;
			targetProxy = 2B58C99220DA2CCF00D521A9 /* PBXContainerItemProxy */;
		};
		2B58C99E20DA2CCF00D521A9 /* PBXTargetDependency */ = {
			isa = PBXTargetDependency;
			target = 2B58C97C20DA2CCC00D521A9 /* RxMKMapViewCrash */;
			targetProxy = 2B58C99D20DA2CCF00D521A9 /* PBXContainerItemProxy */;
		};
/* End PBXTargetDependency section */

/* Begin PBXVariantGroup section */
		2B58C98420DA2CCC00D521A9 /* Main.storyboard */ = {
			isa = PBXVariantGroup;
			children = (
				2B58C98520DA2CCC00D521A9 /* Base */,
			);
			name = Main.storyboard;
			sourceTree = "<group>";
		};
		2B58C98920DA2CCF00D521A9 /* LaunchScreen.storyboard */ = {
			isa = PBXVariantGroup;
			children = (
				2B58C98A20DA2CCF00D521A9 /* Base */,
			);
			name = LaunchScreen.storyboard;
			sourceTree = "<group>";
		};
/* End PBXVariantGroup section */

/* Begin XCBuildConfiguration section */
		2B58C9A320DA2CCF00D521A9 /* Debug */ = {
			isa = XCBuildConfiguration;
			buildSettings = {
				ALWAYS_SEARCH_USER_PATHS = NO;
				CLANG_ANALYZER_NONNULL = YES;
				CLANG_ANALYZER_NUMBER_OBJECT_CONVERSION = YES_AGGRESSIVE;
				CLANG_CXX_LANGUAGE_STANDARD = "gnu++14";
				CLANG_CXX_LIBRARY = "libc++";
				CLANG_ENABLE_MODULES = YES;
				CLANG_ENABLE_OBJC_ARC = YES;
				CLANG_ENABLE_OBJC_WEAK = YES;
				CLANG_WARN_BLOCK_CAPTURE_AUTORELEASING = YES;
				CLANG_WARN_BOOL_CONVERSION = YES;
				CLANG_WARN_COMMA = YES;
				CLANG_WARN_CONSTANT_CONVERSION = YES;
				CLANG_WARN_DEPRECATED_OBJC_IMPLEMENTATIONS = YES;
				CLANG_WARN_DIRECT_OBJC_ISA_USAGE = YES_ERROR;
				CLANG_WARN_DOCUMENTATION_COMMENTS = YES;
				CLANG_WARN_EMPTY_BODY = YES;
				CLANG_WARN_ENUM_CONVERSION = YES;
				CLANG_WARN_INFINITE_RECURSION = YES;
				CLANG_WARN_INT_CONVERSION = YES;
				CLANG_WARN_NON_LITERAL_NULL_CONVERSION = YES;
				CLANG_WARN_OBJC_IMPLICIT_RETAIN_SELF = YES;
				CLANG_WARN_OBJC_LITERAL_CONVERSION = YES;
				CLANG_WARN_OBJC_ROOT_CLASS = YES_ERROR;
				CLANG_WARN_RANGE_LOOP_ANALYSIS = YES;
				CLANG_WARN_STRICT_PROTOTYPES = YES;
				CLANG_WARN_SUSPICIOUS_MOVE = YES;
				CLANG_WARN_UNGUARDED_AVAILABILITY = YES_AGGRESSIVE;
				CLANG_WARN_UNREACHABLE_CODE = YES;
				CLANG_WARN__DUPLICATE_METHOD_MATCH = YES;
				CODE_SIGN_IDENTITY = "iPhone Developer";
				COPY_PHASE_STRIP = NO;
				DEBUG_INFORMATION_FORMAT = dwarf;
				ENABLE_STRICT_OBJC_MSGSEND = YES;
				ENABLE_TESTABILITY = YES;
				GCC_C_LANGUAGE_STANDARD = gnu11;
				GCC_DYNAMIC_NO_PIC = NO;
				GCC_NO_COMMON_BLOCKS = YES;
				GCC_OPTIMIZATION_LEVEL = 0;
				GCC_PREPROCESSOR_DEFINITIONS = (
					"DEBUG=1",
					"$(inherited)",
				);
				GCC_WARN_64_TO_32_BIT_CONVERSION = YES;
				GCC_WARN_ABOUT_RETURN_TYPE = YES_ERROR;
				GCC_WARN_UNDECLARED_SELECTOR = YES;
				GCC_WARN_UNINITIALIZED_AUTOS = YES_AGGRESSIVE;
				GCC_WARN_UNUSED_FUNCTION = YES;
				GCC_WARN_UNUSED_VARIABLE = YES;
				IPHONEOS_DEPLOYMENT_TARGET = 11.4;
				MTL_ENABLE_DEBUG_INFO = YES;
				ONLY_ACTIVE_ARCH = YES;
				SDKROOT = iphoneos;
				SWIFT_ACTIVE_COMPILATION_CONDITIONS = DEBUG;
				SWIFT_OPTIMIZATION_LEVEL = "-Onone";
			};
			name = Debug;
		};
		2B58C9A420DA2CCF00D521A9 /* Release */ = {
			isa = XCBuildConfiguration;
			buildSettings = {
				ALWAYS_SEARCH_USER_PATHS = NO;
				CLANG_ANALYZER_NONNULL = YES;
				CLANG_ANALYZER_NUMBER_OBJECT_CONVERSION = YES_AGGRESSIVE;
				CLANG_CXX_LANGUAGE_STANDARD = "gnu++14";
				CLANG_CXX_LIBRARY = "libc++";
				CLANG_ENABLE_MODULES = YES;
				CLANG_ENABLE_OBJC_ARC = YES;
				CLANG_ENABLE_OBJC_WEAK = YES;
				CLANG_WARN_BLOCK_CAPTURE_AUTORELEASING = YES;
				CLANG_WARN_BOOL_CONVERSION = YES;
				CLANG_WARN_COMMA = YES;
				CLANG_WARN_CONSTANT_CONVERSION = YES;
				CLANG_WARN_DEPRECATED_OBJC_IMPLEMENTATIONS = YES;
				CLANG_WARN_DIRECT_OBJC_ISA_USAGE = YES_ERROR;
				CLANG_WARN_DOCUMENTATION_COMMENTS = YES;
				CLANG_WARN_EMPTY_BODY = YES;
				CLANG_WARN_ENUM_CONVERSION = YES;
				CLANG_WARN_INFINITE_RECURSION = YES;
				CLANG_WARN_INT_CONVERSION = YES;
				CLANG_WARN_NON_LITERAL_NULL_CONVERSION = YES;
				CLANG_WARN_OBJC_IMPLICIT_RETAIN_SELF = YES;
				CLANG_WARN_OBJC_LITERAL_CONVERSION = YES;
				CLANG_WARN_OBJC_ROOT_CLASS = YES_ERROR;
				CLANG_WARN_RANGE_LOOP_ANALYSIS = YES;
				CLANG_WARN_STRICT_PROTOTYPES = YES;
				CLANG_WARN_SUSPICIOUS_MOVE = YES;
				CLANG_WARN_UNGUARDED_AVAILABILITY = YES_AGGRESSIVE;
				CLANG_WARN_UNREACHABLE_CODE = YES;
				CLANG_WARN__DUPLICATE_METHOD_MATCH = YES;
				CODE_SIGN_IDENTITY = "iPhone Developer";
				COPY_PHASE_STRIP = NO;
				DEBUG_INFORMATION_FORMAT = "dwarf-with-dsym";
				ENABLE_NS_ASSERTIONS = NO;
				ENABLE_STRICT_OBJC_MSGSEND = YES;
				GCC_C_LANGUAGE_STANDARD = gnu11;
				GCC_NO_COMMON_BLOCKS = YES;
				GCC_WARN_64_TO_32_BIT_CONVERSION = YES;
				GCC_WARN_ABOUT_RETURN_TYPE = YES_ERROR;
				GCC_WARN_UNDECLARED_SELECTOR = YES;
				GCC_WARN_UNINITIALIZED_AUTOS = YES_AGGRESSIVE;
				GCC_WARN_UNUSED_FUNCTION = YES;
				GCC_WARN_UNUSED_VARIABLE = YES;
				IPHONEOS_DEPLOYMENT_TARGET = 11.4;
				MTL_ENABLE_DEBUG_INFO = NO;
				SDKROOT = iphoneos;
				SWIFT_COMPILATION_MODE = wholemodule;
				SWIFT_OPTIMIZATION_LEVEL = "-O";
				VALIDATE_PRODUCT = YES;
			};
			name = Release;
		};
		2B58C9A620DA2CCF00D521A9 /* Debug */ = {
			isa = XCBuildConfiguration;
			buildSettings = {
				ASSETCATALOG_COMPILER_APPICON_NAME = AppIcon;
				CODE_SIGN_STYLE = Automatic;
				DEVELOPMENT_TEAM = RMSZZMU29R;
				FRAMEWORK_SEARCH_PATHS = (
					"$(inherited)",
					"$(PROJECT_DIR)/Carthage/Build/iOS",
				);
				INFOPLIST_FILE = RxMKMapViewCrash/Info.plist;
				LD_RUNPATH_SEARCH_PATHS = (
					"$(inherited)",
					"@executable_path/Frameworks",
				);
				PRODUCT_BUNDLE_IDENTIFIER = com.mikkovalimaki.RxMKMapViewCrash;
				PRODUCT_NAME = "$(TARGET_NAME)";
				SWIFT_VERSION = 4.0;
				TARGETED_DEVICE_FAMILY = "1,2";
			};
			name = Debug;
		};
		2B58C9A720DA2CCF00D521A9 /* Release */ = {
			isa = XCBuildConfiguration;
			buildSettings = {
				ASSETCATALOG_COMPILER_APPICON_NAME = AppIcon;
				CODE_SIGN_STYLE = Automatic;
				DEVELOPMENT_TEAM = RMSZZMU29R;
				FRAMEWORK_SEARCH_PATHS = (
					"$(inherited)",
					"$(PROJECT_DIR)/Carthage/Build/iOS",
				);
				INFOPLIST_FILE = RxMKMapViewCrash/Info.plist;
				LD_RUNPATH_SEARCH_PATHS = (
					"$(inherited)",
					"@executable_path/Frameworks",
				);
				PRODUCT_BUNDLE_IDENTIFIER = com.mikkovalimaki.RxMKMapViewCrash;
				PRODUCT_NAME = "$(TARGET_NAME)";
				SWIFT_VERSION = 4.0;
				TARGETED_DEVICE_FAMILY = "1,2";
			};
			name = Release;
		};
		2B58C9A920DA2CCF00D521A9 /* Debug */ = {
			isa = XCBuildConfiguration;
			buildSettings = {
				ALWAYS_EMBED_SWIFT_STANDARD_LIBRARIES = YES;
				BUNDLE_LOADER = "$(TEST_HOST)";
				CODE_SIGN_STYLE = Automatic;
				DEVELOPMENT_TEAM = RMSZZMU29R;
				INFOPLIST_FILE = RxMKMapViewCrashTests/Info.plist;
				LD_RUNPATH_SEARCH_PATHS = (
					"$(inherited)",
					"@executable_path/Frameworks",
					"@loader_path/Frameworks",
				);
				PRODUCT_BUNDLE_IDENTIFIER = com.mikkovalimaki.RxMKMapViewCrashTests;
				PRODUCT_NAME = "$(TARGET_NAME)";
				SWIFT_VERSION = 4.0;
				TARGETED_DEVICE_FAMILY = "1,2";
				TEST_HOST = "$(BUILT_PRODUCTS_DIR)/RxMKMapViewCrash.app/RxMKMapViewCrash";
			};
			name = Debug;
		};
		2B58C9AA20DA2CCF00D521A9 /* Release */ = {
			isa = XCBuildConfiguration;
			buildSettings = {
				ALWAYS_EMBED_SWIFT_STANDARD_LIBRARIES = YES;
				BUNDLE_LOADER = "$(TEST_HOST)";
				CODE_SIGN_STYLE = Automatic;
				DEVELOPMENT_TEAM = RMSZZMU29R;
				INFOPLIST_FILE = RxMKMapViewCrashTests/Info.plist;
				LD_RUNPATH_SEARCH_PATHS = (
					"$(inherited)",
					"@executable_path/Frameworks",
					"@loader_path/Frameworks",
				);
				PRODUCT_BUNDLE_IDENTIFIER = com.mikkovalimaki.RxMKMapViewCrashTests;
				PRODUCT_NAME = "$(TARGET_NAME)";
				SWIFT_VERSION = 4.0;
				TARGETED_DEVICE_FAMILY = "1,2";
				TEST_HOST = "$(BUILT_PRODUCTS_DIR)/RxMKMapViewCrash.app/RxMKMapViewCrash";
			};
			name = Release;
		};
		2B58C9AC20DA2CCF00D521A9 /* Debug */ = {
			isa = XCBuildConfiguration;
			buildSettings = {
				ALWAYS_EMBED_SWIFT_STANDARD_LIBRARIES = YES;
				CODE_SIGN_STYLE = Automatic;
				DEVELOPMENT_TEAM = RMSZZMU29R;
				INFOPLIST_FILE = RxMKMapViewCrashUITests/Info.plist;
				LD_RUNPATH_SEARCH_PATHS = (
					"$(inherited)",
					"@executable_path/Frameworks",
					"@loader_path/Frameworks",
				);
				PRODUCT_BUNDLE_IDENTIFIER = com.mikkovalimaki.RxMKMapViewCrashUITests;
				PRODUCT_NAME = "$(TARGET_NAME)";
				SWIFT_VERSION = 4.0;
				TARGETED_DEVICE_FAMILY = "1,2";
				TEST_TARGET_NAME = RxMKMapViewCrash;
			};
			name = Debug;
		};
		2B58C9AD20DA2CCF00D521A9 /* Release */ = {
			isa = XCBuildConfiguration;
			buildSettings = {
				ALWAYS_EMBED_SWIFT_STANDARD_LIBRARIES = YES;
				CODE_SIGN_STYLE = Automatic;
				DEVELOPMENT_TEAM = RMSZZMU29R;
				INFOPLIST_FILE = RxMKMapViewCrashUITests/Info.plist;
				LD_RUNPATH_SEARCH_PATHS = (
					"$(inherited)",
					"@executable_path/Frameworks",
					"@loader_path/Frameworks",
				);
				PRODUCT_BUNDLE_IDENTIFIER = com.mikkovalimaki.RxMKMapViewCrashUITests;
				PRODUCT_NAME = "$(TARGET_NAME)";
				SWIFT_VERSION = 4.0;
				TARGETED_DEVICE_FAMILY = "1,2";
				TEST_TARGET_NAME = RxMKMapViewCrash;
			};
			name = Release;
		};
/* End XCBuildConfiguration section */

/* Begin XCConfigurationList section */
		2B58C97820DA2CCC00D521A9 /* Build configuration list for PBXProject "RxMKMapViewCrash" */ = {
			isa = XCConfigurationList;
			buildConfigurations = (
				2B58C9A320DA2CCF00D521A9 /* Debug */,
				2B58C9A420DA2CCF00D521A9 /* Release */,
			);
			defaultConfigurationIsVisible = 0;
			defaultConfigurationName = Release;
		};
		2B58C9A520DA2CCF00D521A9 /* Build configuration list for PBXNativeTarget "RxMKMapViewCrash" */ = {
			isa = XCConfigurationList;
			buildConfigurations = (
				2B58C9A620DA2CCF00D521A9 /* Debug */,
				2B58C9A720DA2CCF00D521A9 /* Release */,
			);
			defaultConfigurationIsVisible = 0;
			defaultConfigurationName = Release;
		};
		2B58C9A820DA2CCF00D521A9 /* Build configuration list for PBXNativeTarget "RxMKMapViewCrashTests" */ = {
			isa = XCConfigurationList;
			buildConfigurations = (
				2B58C9A920DA2CCF00D521A9 /* Debug */,
				2B58C9AA20DA2CCF00D521A9 /* Release */,
			);
			defaultConfigurationIsVisible = 0;
			defaultConfigurationName = Release;
		};
		2B58C9AB20DA2CCF00D521A9 /* Build configuration list for PBXNativeTarget "RxMKMapViewCrashUITests" */ = {
			isa = XCConfigurationList;
			buildConfigurations = (
				2B58C9AC20DA2CCF00D521A9 /* Debug */,
				2B58C9AD20DA2CCF00D521A9 /* Release */,
			);
			defaultConfigurationIsVisible = 0;
			defaultConfigurationName = Release;
		};
/* End XCConfigurationList section */
	};
	rootObject = 2B58C97520DA2CCC00D521A9 /* Project object */;
}
